
Microsoft Visual Studio Solution File, Format Version 12.00
# Visual Studio Version 16
VisualStudioVersion = 16.0.29215.179
MinimumVisualStudioVersion = 10.0.40219.1
Project("{FAE04EC0-301F-11D3-BF4B-00C04F79EFBC}") = "MVCApplication", "MVCApplication\MVCApplication.csproj", "{2DEFFF94-5379-4065-BF1F-E7A880B52ABB}"
	ProjectSection(ProjectDependencies) = postProject
		{76B44752-DE4E-479A-B0B4-B719C87D4574} = {76B44752-DE4E-479A-B0B4-B719C87D4574}
	EndProjectSection
EndProject
Project("{FAE04EC0-301F-11D3-BF4B-00C04F79EFBC}") = "DataAccess", "DataAccess\DataAccess.csproj", "{99082209-336D-4962-9902-4B8644834553}"
EndProject
Project("{FAE04EC0-301F-11D3-BF4B-00C04F79EFBC}") = "Business", "Business\Business.csproj", "{53CC4CDF-2332-41CD-8F1B-EEA272597C0D}"
	ProjectSection(ProjectDependencies) = postProject
		{76B44752-DE4E-479A-B0B4-B719C87D4574} = {76B44752-DE4E-479A-B0B4-B719C87D4574}
	EndProjectSection
EndProject
Project("{FAE04EC0-301F-11D3-BF4B-00C04F79EFBC}") = "Models", "Models\Models.csproj", "{DC6492DF-06EA-47B5-8447-0CBB5D2D279B}"
EndProject
Project("{FAE04EC0-301F-11D3-BF4B-00C04F79EFBC}") = "ProductServiceApplication", "ProductServiceApplication\ProductServiceApplication.csproj", "{76B44752-DE4E-479A-B0B4-B719C87D4574}"
EndProject
Global
	GlobalSection(SolutionConfigurationPlatforms) = preSolution
		Debug|Any CPU = Debug|Any CPU
		Release|Any CPU = Release|Any CPU
	EndGlobalSection
	GlobalSection(ProjectConfigurationPlatforms) = postSolution
		{2DEFFF94-5379-4065-BF1F-E7A880B52ABB}.Debug|Any CPU.ActiveCfg = Debug|Any CPU
		{2DEFFF94-5379-4065-BF1F-E7A880B52ABB}.Debug|Any CPU.Build.0 = Debug|Any CPU
		{2DEFFF94-5379-4065-BF1F-E7A880B52ABB}.Release|Any CPU.ActiveCfg = Release|Any CPU
		{2DEFFF94-5379-4065-BF1F-E7A880B52ABB}.Release|Any CPU.Build.0 = Release|Any CPU
		{99082209-336D-4962-9902-4B8644834553}.Debug|Any CPU.ActiveCfg = Debug|Any CPU
		{99082209-336D-4962-9902-4B8644834553}.Debug|Any CPU.Build.0 = Debug|Any CPU
		{99082209-336D-4962-9902-4B8644834553}.Release|Any CPU.ActiveCfg = Release|Any CPU
		{99082209-336D-4962-9902-4B8644834553}.Release|Any CPU.Build.0 = Release|Any CPU
		{53CC4CDF-2332-41CD-8F1B-EEA272597C0D}.Debug|Any CPU.ActiveCfg = Debug|Any CPU
		{53CC4CDF-2332-41CD-8F1B-EEA272597C0D}.Debug|Any CPU.Build.0 = Debug|Any CPU
		{53CC4CDF-2332-41CD-8F1B-EEA272597C0D}.Release|Any CPU.ActiveCfg = Release|Any CPU
		{53CC4CDF-2332-41CD-8F1B-EEA272597C0D}.Release|Any CPU.Build.0 = Release|Any CPU
		{DC6492DF-06EA-47B5-8447-0CBB5D2D279B}.Debug|Any CPU.ActiveCfg = Debug|Any CPU
		{DC6492DF-06EA-47B5-8447-0CBB5D2D279B}.Debug|Any CPU.Build.0 = Debug|Any CPU
		{DC6492DF-06EA-47B5-8447-0CBB5D2D279B}.Release|Any CPU.ActiveCfg = Release|Any CPU
		{DC6492DF-06EA-47B5-8447-0CBB5D2D279B}.Release|Any CPU.Build.0 = Release|Any CPU
		{76B44752-DE4E-479A-B0B4-B719C87D4574}.Debug|Any CPU.ActiveCfg = Debug|Any CPU
		{76B44752-DE4E-479A-B0B4-B719C87D4574}.Debug|Any CPU.Build.0 = Debug|Any CPU
		{76B44752-DE4E-479A-B0B4-B719C87D4574}.Release|Any CPU.ActiveCfg = Release|Any CPU
		{76B44752-DE4E-479A-B0B4-B719C87D4574}.Release|Any CPU.Build.0 = Release|Any CPU
	EndGlobalSection
	GlobalSection(SolutionProperties) = preSolution
		HideSolutionNode = FALSE
	EndGlobalSection
	GlobalSection(ExtensibilityGlobals) = postSolution
		SolutionGuid = {68E0C3C5-AE5E-460A-BDA1-6C55329BBC96}
	EndGlobalSection
EndGlobal
